// !$*UTF8*$!
{
	archiveVersion = 1;
	classes = {
	};
	objectVersion = 50;
	objects = {

/* Begin PBXBuildFile section */
		E12E7EEA20CB352F00DB2CED /* 440.wav in Resources */ = {isa = PBXBuildFile; fileRef = E12E7EE920CB352F00DB2CED /* 440.wav */; };
		E1307E47212F5EDF00963D25 /* DebuggerViewController.swift in Sources */ = {isa = PBXBuildFile; fileRef = E1307E46212F5EDF00963D25 /* DebuggerViewController.swift */; };
		E1556CF720DB030200F48661 /* Cpu.swift in Sources */ = {isa = PBXBuildFile; fileRef = E1556CF620DB030200F48661 /* Cpu.swift */; };
		E1556CF920DB048500F48661 /* Ram.swift in Sources */ = {isa = PBXBuildFile; fileRef = E1556CF820DB048500F48661 /* Ram.swift */; };
		E1556CFB20DB099100F48661 /* Buzzer.swift in Sources */ = {isa = PBXBuildFile; fileRef = E1556CFA20DB099100F48661 /* Buzzer.swift */; };
		E1556CFD20DB0B4800F48661 /* Timer.swift in Sources */ = {isa = PBXBuildFile; fileRef = E1556CFC20DB0B4800F48661 /* Timer.swift */; };
		E1556CFF20DB0C7B00F48661 /* Stack.swift in Sources */ = {isa = PBXBuildFile; fileRef = E1556CFE20DB0C7B00F48661 /* Stack.swift */; };
		E1556D0120DB0D8100F48661 /* VRam.swift in Sources */ = {isa = PBXBuildFile; fileRef = E1556D0020DB0D8100F48661 /* VRam.swift */; };
		E1556D0320DB8C0600F48661 /* KRam.swift in Sources */ = {isa = PBXBuildFile; fileRef = E1556D0220DB8C0600F48661 /* KRam.swift */; };
		E17DE0F220C06E3900F1F0D5 /* PixelView.swift in Sources */ = {isa = PBXBuildFile; fileRef = E17DE0F120C06E3900F1F0D5 /* PixelView.swift */; };
		E19EFE6F2102523300332ECF /* Registers.swift in Sources */ = {isa = PBXBuildFile; fileRef = E19EFE6E2102523300332ECF /* Registers.swift */; };
		E19EFE712102529700332ECF /* ByteCell.swift in Sources */ = {isa = PBXBuildFile; fileRef = E19EFE702102529700332ECF /* ByteCell.swift */; };
		E1B9F33A210E0A82007BF36A /* Instructions.swift in Sources */ = {isa = PBXBuildFile; fileRef = E1B9F339210E0A82007BF36A /* Instructions.swift */; };
		E1ED646620B8868500D53027 /* AppDelegate.swift in Sources */ = {isa = PBXBuildFile; fileRef = E1ED646520B8868500D53027 /* AppDelegate.swift */; };
		E1ED646820B8868500D53027 /* ViewController.swift in Sources */ = {isa = PBXBuildFile; fileRef = E1ED646720B8868500D53027 /* ViewController.swift */; };
		E1ED646A20B8868600D53027 /* Assets.xcassets in Resources */ = {isa = PBXBuildFile; fileRef = E1ED646920B8868600D53027 /* Assets.xcassets */; };
		E1ED646D20B8868600D53027 /* Main.storyboard in Resources */ = {isa = PBXBuildFile; fileRef = E1ED646B20B8868600D53027 /* Main.storyboard */; };
		E1F5C69720CD62B000E1D06C /* Chip8View.swift in Sources */ = {isa = PBXBuildFile; fileRef = E1F5C69620CD62B000E1D06C /* Chip8View.swift */; };
/* End PBXBuildFile section */

/* Begin PBXFileReference section */
		E12E7EE920CB352F00DB2CED /* 440.wav */ = {isa = PBXFileReference; lastKnownFileType = audio.wav; name = 440.wav; path = ../../Downloads/440.wav; sourceTree = "<group>"; };
		E12E7EEB20CB353200DB2CED /* 440.wav */ = {isa = PBXFileReference; lastKnownFileType = audio.wav; path = 440.wav; sourceTree = "<group>"; };
		E1307E46212F5EDF00963D25 /* DebuggerViewController.swift */ = {isa = PBXFileReference; lastKnownFileType = sourcecode.swift; path = DebuggerViewController.swift; sourceTree = "<group>"; };
		E1556CF620DB030200F48661 /* Cpu.swift */ = {isa = PBXFileReference; lastKnownFileType = sourcecode.swift; path = Cpu.swift; sourceTree = "<group>"; };
		E1556CF820DB048500F48661 /* Ram.swift */ = {isa = PBXFileReference; lastKnownFileType = sourcecode.swift; path = Ram.swift; sourceTree = "<group>"; };
		E1556CFA20DB099100F48661 /* Buzzer.swift */ = {isa = PBXFileReference; lastKnownFileType = sourcecode.swift; path = Buzzer.swift; sourceTree = "<group>"; };
		E1556CFC20DB0B4800F48661 /* Timer.swift */ = {isa = PBXFileReference; lastKnownFileType = sourcecode.swift; path = Timer.swift; sourceTree = "<group>"; };
		E1556CFE20DB0C7B00F48661 /* Stack.swift */ = {isa = PBXFileReference; lastKnownFileType = sourcecode.swift; path = Stack.swift; sourceTree = "<group>"; };
		E1556D0020DB0D8100F48661 /* VRam.swift */ = {isa = PBXFileReference; lastKnownFileType = sourcecode.swift; path = VRam.swift; sourceTree = "<group>"; };
		E1556D0220DB8C0600F48661 /* KRam.swift */ = {isa = PBXFileReference; lastKnownFileType = sourcecode.swift; path = KRam.swift; sourceTree = "<group>"; };
		E17DE0F120C06E3900F1F0D5 /* PixelView.swift */ = {isa = PBXFileReference; lastKnownFileType = sourcecode.swift; path = PixelView.swift; sourceTree = "<group>"; };
		E19EFE6E2102523300332ECF /* Registers.swift */ = {isa = PBXFileReference; lastKnownFileType = sourcecode.swift; path = Registers.swift; sourceTree = "<group>"; };
		E19EFE702102529700332ECF /* ByteCell.swift */ = {isa = PBXFileReference; lastKnownFileType = sourcecode.swift; path = ByteCell.swift; sourceTree = "<group>"; };
		E1B9F339210E0A82007BF36A /* Instructions.swift */ = {isa = PBXFileReference; lastKnownFileType = sourcecode.swift; path = Instructions.swift; sourceTree = "<group>"; };
		E1ED646220B8868500D53027 /* Chip8.app */ = {isa = PBXFileReference; explicitFileType = wrapper.application; includeInIndex = 0; path = Chip8.app; sourceTree = BUILT_PRODUCTS_DIR; };
		E1ED646520B8868500D53027 /* AppDelegate.swift */ = {isa = PBXFileReference; lastKnownFileType = sourcecode.swift; path = AppDelegate.swift; sourceTree = "<group>"; };
		E1ED646720B8868500D53027 /* ViewController.swift */ = {isa = PBXFileReference; lastKnownFileType = sourcecode.swift; path = ViewController.swift; sourceTree = "<group>"; };
		E1ED646920B8868600D53027 /* Assets.xcassets */ = {isa = PBXFileReference; lastKnownFileType = folder.assetcatalog; path = Assets.xcassets; sourceTree = "<group>"; };
		E1ED646C20B8868600D53027 /* Base */ = {isa = PBXFileReference; lastKnownFileType = file.storyboard; name = Base; path = Base.lproj/Main.storyboard; sourceTree = "<group>"; };
		E1ED646E20B8868600D53027 /* Info.plist */ = {isa = PBXFileReference; lastKnownFileType = text.plist.xml; path = Info.plist; sourceTree = "<group>"; };
		E1ED646F20B8868600D53027 /* Chip8.entitlements */ = {isa = PBXFileReference; lastKnownFileType = text.plist.entitlements; path = Chip8.entitlements; sourceTree = "<group>"; };
		E1F5C69620CD62B000E1D06C /* Chip8View.swift */ = {isa = PBXFileReference; lastKnownFileType = sourcecode.swift; path = Chip8View.swift; sourceTree = "<group>"; };
/* End PBXFileReference section */

/* Begin PBXFrameworksBuildPhase section */
		E1ED645F20B8868500D53027 /* Frameworks */ = {
			isa = PBXFrameworksBuildPhase;
			buildActionMask = 2147483647;
			files = (
			);
			runOnlyForDeploymentPostprocessing = 0;
		};
/* End PBXFrameworksBuildPhase section */

/* Begin PBXGroup section */
		E1ED645920B8868500D53027 = {
			isa = PBXGroup;
			children = (
				E1ED646420B8868500D53027 /* Chip8 */,
				E1ED646320B8868500D53027 /* Products */,
				E12E7EE920CB352F00DB2CED /* 440.wav */,
			);
			sourceTree = "<group>";
		};
		E1ED646320B8868500D53027 /* Products */ = {
			isa = PBXGroup;
			children = (
				E1ED646220B8868500D53027 /* Chip8.app */,
			);
			name = Products;
			sourceTree = "<group>";
		};
		E1ED646420B8868500D53027 /* Chip8 */ = {
			isa = PBXGroup;
			children = (
				E1ED646520B8868500D53027 /* AppDelegate.swift */,
				E1ED646720B8868500D53027 /* ViewController.swift */,
				E12E7EEB20CB353200DB2CED /* 440.wav */,
				E1ED646920B8868600D53027 /* Assets.xcassets */,
				E1ED646B20B8868600D53027 /* Main.storyboard */,
				E1ED646E20B8868600D53027 /* Info.plist */,
				E1ED646F20B8868600D53027 /* Chip8.entitlements */,
				E17DE0F120C06E3900F1F0D5 /* PixelView.swift */,
				E1F5C69620CD62B000E1D06C /* Chip8View.swift */,
				E1556CF620DB030200F48661 /* Cpu.swift */,
				E1556CF820DB048500F48661 /* Ram.swift */,
				E1556CFA20DB099100F48661 /* Buzzer.swift */,
				E1556CFC20DB0B4800F48661 /* Timer.swift */,
				E1556CFE20DB0C7B00F48661 /* Stack.swift */,
				E1556D0020DB0D8100F48661 /* VRam.swift */,
				E1556D0220DB8C0600F48661 /* KRam.swift */,
				E19EFE6E2102523300332ECF /* Registers.swift */,
				E19EFE702102529700332ECF /* ByteCell.swift */,
				E1B9F339210E0A82007BF36A /* Instructions.swift */,
				E1307E46212F5EDF00963D25 /* DebuggerViewController.swift */,
			);
			path = Chip8;
			sourceTree = "<group>";
		};
/* End PBXGroup section */

/* Begin PBXNativeTarget section */
		E1ED646120B8868500D53027 /* Chip8 */ = {
			isa = PBXNativeTarget;
			buildConfigurationList = E1ED648820B8868700D53027 /* Build configuration list for PBXNativeTarget "Chip8" */;
			buildPhases = (
				E1ED645E20B8868500D53027 /* Sources */,
				E1ED645F20B8868500D53027 /* Frameworks */,
				E1ED646020B8868500D53027 /* Resources */,
			);
			buildRules = (
			);
			dependencies = (
			);
			name = Chip8;
			productName = Chip8;
			productReference = E1ED646220B8868500D53027 /* Chip8.app */;
			productType = "com.apple.product-type.application";
		};
/* End PBXNativeTarget section */

/* Begin PBXProject section */
		E1ED645A20B8868500D53027 /* Project object */ = {
			isa = PBXProject;
			attributes = {
				LastSwiftUpdateCheck = 0930;
				LastUpgradeCheck = 0930;
				ORGANIZATIONNAME = "Alex Scown";
				TargetAttributes = {
					E1ED646120B8868500D53027 = {
						CreatedOnToolsVersion = 9.3.1;
						LastSwiftMigration = 1000;
					};
				};
			};
			buildConfigurationList = E1ED645D20B8868500D53027 /* Build configuration list for PBXProject "Chip8" */;
			compatibilityVersion = "Xcode 9.3";
			developmentRegion = en;
			hasScannedForEncodings = 0;
			knownRegions = (
				en,
				Base,
			);
			mainGroup = E1ED645920B8868500D53027;
			productRefGroup = E1ED646320B8868500D53027 /* Products */;
			projectDirPath = "";
			projectRoot = "";
			targets = (
				E1ED646120B8868500D53027 /* Chip8 */,
			);
		};
/* End PBXProject section */

/* Begin PBXResourcesBuildPhase section */
		E1ED646020B8868500D53027 /* Resources */ = {
			isa = PBXResourcesBuildPhase;
			buildActionMask = 2147483647;
			files = (
				E12E7EEA20CB352F00DB2CED /* 440.wav in Resources */,
				E1ED646A20B8868600D53027 /* Assets.xcassets in Resources */,
				E1ED646D20B8868600D53027 /* Main.storyboard in Resources */,
			);
			runOnlyForDeploymentPostprocessing = 0;
		};
/* End PBXResourcesBuildPhase section */

/* Begin PBXSourcesBuildPhase section */
		E1ED645E20B8868500D53027 /* Sources */ = {
			isa = PBXSourcesBuildPhase;
			buildActionMask = 2147483647;
			files = (
				E1B9F33A210E0A82007BF36A /* Instructions.swift in Sources */,
				E1ED646820B8868500D53027 /* ViewController.swift in Sources */,
				E1556CFF20DB0C7B00F48661 /* Stack.swift in Sources */,
				E1556CF720DB030200F48661 /* Cpu.swift in Sources */,
				E1556D0320DB8C0600F48661 /* KRam.swift in Sources */,
				E1556D0120DB0D8100F48661 /* VRam.swift in Sources */,
				E1307E47212F5EDF00963D25 /* DebuggerViewController.swift in Sources */,
				E1556CF920DB048500F48661 /* Ram.swift in Sources */,
				E1556CFB20DB099100F48661 /* Buzzer.swift in Sources */,
				E1F5C69720CD62B000E1D06C /* Chip8View.swift in Sources */,
				E17DE0F220C06E3900F1F0D5 /* PixelView.swift in Sources */,
				E19EFE712102529700332ECF /* ByteCell.swift in Sources */,
				E1ED646620B8868500D53027 /* AppDelegate.swift in Sources */,
				E19EFE6F2102523300332ECF /* Registers.swift in Sources */,
				E1556CFD20DB0B4800F48661 /* Timer.swift in Sources */,
			);
			runOnlyForDeploymentPostprocessing = 0;
		};
/* End PBXSourcesBuildPhase section */

/* Begin PBXVariantGroup section */
		E1ED646B20B8868600D53027 /* Main.storyboard */ = {
			isa = PBXVariantGroup;
			children = (
				E1ED646C20B8868600D53027 /* Base */,
			);
			name = Main.storyboard;
			sourceTree = "<group>";
		};
/* End PBXVariantGroup section */

/* Begin XCBuildConfiguration section */
		E1ED648620B8868700D53027 /* Debug */ = {
			isa = XCBuildConfiguration;
			buildSettings = {
				ALWAYS_SEARCH_USER_PATHS = NO;
				CLANG_ANALYZER_NONNULL = YES;
				CLANG_ANALYZER_NUMBER_OBJECT_CONVERSION = YES_AGGRESSIVE;
				CLANG_CXX_LANGUAGE_STANDARD = "gnu++14";
				CLANG_CXX_LIBRARY = "libc++";
				CLANG_ENABLE_MODULES = YES;
				CLANG_ENABLE_OBJC_ARC = YES;
				CLANG_ENABLE_OBJC_WEAK = YES;
				CLANG_WARN_BLOCK_CAPTURE_AUTORELEASING = YES;
				CLANG_WARN_BOOL_CONVERSION = YES;
				CLANG_WARN_COMMA = YES;
				CLANG_WARN_CONSTANT_CONVERSION = YES;
				CLANG_WARN_DEPRECATED_OBJC_IMPLEMENTATIONS = YES;
				CLANG_WARN_DIRECT_OBJC_ISA_USAGE = YES_ERROR;
				CLANG_WARN_DOCUMENTATION_COMMENTS = YES;
				CLANG_WARN_EMPTY_BODY = YES;
				CLANG_WARN_ENUM_CONVERSION = YES;
				CLANG_WARN_INFINITE_RECURSION = YES;
				CLANG_WARN_INT_CONVERSION = YES;
				CLANG_WARN_NON_LITERAL_NULL_CONVERSION = YES;
				CLANG_WARN_OBJC_IMPLICIT_RETAIN_SELF = YES;
				CLANG_WARN_OBJC_LITERAL_CONVERSION = YES;
				CLANG_WARN_OBJC_ROOT_CLASS = YES_ERROR;
				CLANG_WARN_RANGE_LOOP_ANALYSIS = YES;
				CLANG_WARN_STRICT_PROTOTYPES = YES;
				CLANG_WARN_SUSPICIOUS_MOVE = YES;
				CLANG_WARN_UNGUARDED_AVAILABILITY = YES_AGGRESSIVE;
				CLANG_WARN_UNREACHABLE_CODE = YES;
				CLANG_WARN__DUPLICATE_METHOD_MATCH = YES;
				CODE_SIGN_IDENTITY = "-";
				COPY_PHASE_STRIP = NO;
				DEBUG_INFORMATION_FORMAT = dwarf;
				ENABLE_STRICT_OBJC_MSGSEND = YES;
				ENABLE_TESTABILITY = YES;
				GCC_C_LANGUAGE_STANDARD = gnu11;
				GCC_DYNAMIC_NO_PIC = NO;
				GCC_NO_COMMON_BLOCKS = YES;
				GCC_OPTIMIZATION_LEVEL = 0;
				GCC_PREPROCESSOR_DEFINITIONS = (
					"DEBUG=1",
					"$(inherited)",
				);
				GCC_WARN_64_TO_32_BIT_CONVERSION = YES;
				GCC_WARN_ABOUT_RETURN_TYPE = YES_ERROR;
				GCC_WARN_UNDECLARED_SELECTOR = YES;
				GCC_WARN_UNINITIALIZED_AUTOS = YES_AGGRESSIVE;
				GCC_WARN_UNUSED_FUNCTION = YES;
				GCC_WARN_UNUSED_VARIABLE = YES;
				MACOSX_DEPLOYMENT_TARGET = 10.13;
				MTL_ENABLE_DEBUG_INFO = YES;
				ONLY_ACTIVE_ARCH = YES;
				SDKROOT = macosx;
				SWIFT_ACTIVE_COMPILATION_CONDITIONS = DEBUG;
				SWIFT_OPTIMIZATION_LEVEL = "-Onone";
			};
			name = Debug;
		};
		E1ED648720B8868700D53027 /* Release */ = {
			isa = XCBuildConfiguration;
			buildSettings = {
				ALWAYS_SEARCH_USER_PATHS = NO;
				CLANG_ANALYZER_NONNULL = YES;
				CLANG_ANALYZER_NUMBER_OBJECT_CONVERSION = YES_AGGRESSIVE;
				CLANG_CXX_LANGUAGE_STANDARD = "gnu++14";
				CLANG_CXX_LIBRARY = "libc++";
				CLANG_ENABLE_MODULES = YES;
				CLANG_ENABLE_OBJC_ARC = YES;
				CLANG_ENABLE_OBJC_WEAK = YES;
				CLANG_WARN_BLOCK_CAPTURE_AUTORELEASING = YES;
				CLANG_WARN_BOOL_CONVERSION = YES;
				CLANG_WARN_COMMA = YES;
				CLANG_WARN_CONSTANT_CONVERSION = YES;
				CLANG_WARN_DEPRECATED_OBJC_IMPLEMENTATIONS = YES;
				CLANG_WARN_DIRECT_OBJC_ISA_USAGE = YES_ERROR;
				CLANG_WARN_DOCUMENTATION_COMMENTS = YES;
				CLANG_WARN_EMPTY_BODY = YES;
				CLANG_WARN_ENUM_CONVERSION = YES;
				CLANG_WARN_INFINITE_RECURSION = YES;
				CLANG_WARN_INT_CONVERSION = YES;
				CLANG_WARN_NON_LITERAL_NULL_CONVERSION = YES;
				CLANG_WARN_OBJC_IMPLICIT_RETAIN_SELF = YES;
				CLANG_WARN_OBJC_LITERAL_CONVERSION = YES;
				CLANG_WARN_OBJC_ROOT_CLASS = YES_ERROR;
				CLANG_WARN_RANGE_LOOP_ANALYSIS = YES;
				CLANG_WARN_STRICT_PROTOTYPES = YES;
				CLANG_WARN_SUSPICIOUS_MOVE = YES;
				CLANG_WARN_UNGUARDED_AVAILABILITY = YES_AGGRESSIVE;
				CLANG_WARN_UNREACHABLE_CODE = YES;
				CLANG_WARN__DUPLICATE_METHOD_MATCH = YES;
				CODE_SIGN_IDENTITY = "-";
				COPY_PHASE_STRIP = NO;
				DEBUG_INFORMATION_FORMAT = "dwarf-with-dsym";
				ENABLE_NS_ASSERTIONS = NO;
				ENABLE_STRICT_OBJC_MSGSEND = YES;
				GCC_C_LANGUAGE_STANDARD = gnu11;
				GCC_NO_COMMON_BLOCKS = YES;
				GCC_WARN_64_TO_32_BIT_CONVERSION = YES;
				GCC_WARN_ABOUT_RETURN_TYPE = YES_ERROR;
				GCC_WARN_UNDECLARED_SELECTOR = YES;
				GCC_WARN_UNINITIALIZED_AUTOS = YES_AGGRESSIVE;
				GCC_WARN_UNUSED_FUNCTION = YES;
				GCC_WARN_UNUSED_VARIABLE = YES;
				MACOSX_DEPLOYMENT_TARGET = 10.13;
				MTL_ENABLE_DEBUG_INFO = NO;
				SDKROOT = macosx;
				SWIFT_COMPILATION_MODE = wholemodule;
				SWIFT_OPTIMIZATION_LEVEL = "-O";
			};
			name = Release;
		};
		E1ED648920B8868700D53027 /* Debug */ = {
			isa = XCBuildConfiguration;
			buildSettings = {
				ASSETCATALOG_COMPILER_APPICON_NAME = AppIcon;
				CODE_SIGN_ENTITLEMENTS = Chip8/Chip8.entitlements;
				CODE_SIGN_STYLE = Automatic;
				COMBINE_HIDPI_IMAGES = YES;
				INFOPLIST_FILE = Chip8/Info.plist;
				LD_RUNPATH_SEARCH_PATHS = (
					"$(inherited)",
					"@executable_path/../Frameworks",
				);
				PRODUCT_BUNDLE_IDENTIFIER = space.scown.Chip8;
				PRODUCT_NAME = "$(TARGET_NAME)";
				SWIFT_VERSION = 4.2;
			};
			name = Debug;
		};
		E1ED648A20B8868700D53027 /* Release */ = {
			isa = XCBuildConfiguration;
			buildSettings = {
				ASSETCATALOG_COMPILER_APPICON_NAME = AppIcon;
				CODE_SIGN_ENTITLEMENTS = Chip8/Chip8.entitlements;
				CODE_SIGN_STYLE = Automatic;
				COMBINE_HIDPI_IMAGES = YES;
				INFOPLIST_FILE = Chip8/Info.plist;
				LD_RUNPATH_SEARCH_PATHS = (
					"$(inherited)",
					"@executable_path/../Frameworks",
				);
				PRODUCT_BUNDLE_IDENTIFIER = space.scown.Chip8;
				PRODUCT_NAME = "$(TARGET_NAME)";
				SWIFT_VERSION = 4.2;
			};
			name = Release;
		};
/* End XCBuildConfiguration section */

/* Begin XCConfigurationList section */
		E1ED645D20B8868500D53027 /* Build configuration list for PBXProject "Chip8" */ = {
			isa = XCConfigurationList;
			buildConfigurations = (
				E1ED648620B8868700D53027 /* Debug */,
				E1ED648720B8868700D53027 /* Release */,
			);
			defaultConfigurationIsVisible = 0;
			defaultConfigurationName = Release;
		};
		E1ED648820B8868700D53027 /* Build configuration list for PBXNativeTarget "Chip8" */ = {
			isa = XCConfigurationList;
			buildConfigurations = (
				E1ED648920B8868700D53027 /* Debug */,
				E1ED648A20B8868700D53027 /* Release */,
			);
			defaultConfigurationIsVisible = 0;
			defaultConfigurationName = Release;
		};
/* End XCConfigurationList section */
	};
	rootObject = E1ED645A20B8868500D53027 /* Project object */;
}
